{
  "name": "vite-project",
  "version": "0.0.0",
  "lockfileVersion": 2,
  "requires": true,
  "packages": {
    "": {
      "name": "vite-project",
      "version": "0.0.0",
      "dependencies": {
        "@tauri-apps/api": "^2.0.0-alpha.0",
        "@tauri-apps/cli": "^2.0.0-alpha.0"
      },
      "devDependencies": {
        "internal-ip": "^7.0.0",
        "vite": "^4.0.0"
      }
    },
    "node_modules/@esbuild/win32-x64": {
      "version": "0.16.4",
      "resolved": "https://registry.npmmirror.com/@esbuild/win32-x64/-/win32-x64-0.16.4.tgz",
      "integrity": "sha512-sN/I8FMPtmtT2Yw+Dly8Ur5vQ5a/RmC8hW7jO9PtPSQUPkowxWpcUZnqOggU7VwyT3Xkj6vcXWd3V/qTXwultQ==",
      "cpu": [
        "x64"
      ],
      "dev": true,
      "license": "MIT",
      "optional": true,
      "os": [
        "win32"
      ],
      "engines": {
        "node": ">=12"
      }
    },
    "node_modules/@tauri-apps/api": {
      "version": "2.0.0-alpha.0",
      "resolved": "https://registry.npmmirror.com/@tauri-apps/api/-/api-2.0.0-alpha.0.tgz",
      "integrity": "sha512-PQdy1Ao6JwKwW2/C11nP+IqnrWHB7+UgbM71zbzA1W3+1yyd9Zg+K7rzZ7f3yhvD7kdxmXUN3KgSfGeiDFzZ2A==",
      "engines": {
        "node": ">= 14.6.0",
        "npm": ">= 6.6.0",
        "yarn": ">= 1.19.1"
      }
    },
    "node_modules/@tauri-apps/cli": {
      "version": "2.0.0-alpha.0",
      "resolved": "https://registry.npmmirror.com/@tauri-apps/cli/-/cli-2.0.0-alpha.0.tgz",
      "integrity": "sha512-E+72C+rNRKaJVSMVEmrN/cn8ggXo6P0zh0Ce/rpF7KgPJm1X65PlMgibukheuHxJ2kIpFORpDte/YBiEmiCiqA==",
      "bin": {
        "tauri": "tauri.js"
      },
      "engines": {
        "node": ">= 10"
      },
      "optionalDependencies": {
        "@tauri-apps/cli-darwin-arm64": "2.0.0-alpha.0",
        "@tauri-apps/cli-darwin-x64": "2.0.0-alpha.0",
        "@tauri-apps/cli-linux-arm-gnueabihf": "2.0.0-alpha.0",
        "@tauri-apps/cli-linux-arm64-gnu": "2.0.0-alpha.0",
        "@tauri-apps/cli-linux-arm64-musl": "2.0.0-alpha.0",
        "@tauri-apps/cli-linux-x64-gnu": "2.0.0-alpha.0",
        "@tauri-apps/cli-linux-x64-musl": "2.0.0-alpha.0",
        "@tauri-apps/cli-win32-ia32-msvc": "2.0.0-alpha.0",
        "@tauri-apps/cli-win32-x64-msvc": "2.0.0-alpha.0"
      }
    },
    "node_modules/@tauri-apps/cli-darwin-arm64": {
      "version": "2.0.0-alpha.0",
      "resolved": "https://registry.npmmirror.com/@tauri-apps/cli-darwin-arm64/-/cli-darwin-arm64-2.0.0-alpha.0.tgz",
      "integrity": "sha512-CZrS5h2Q1tVkB0t5RxBi57ZEybs2ZLcF1te94J9SBW3VhVoShgoCfgqMYoon0YOiYx5YJw5SUFTn4B/ixMlLqA==",
      "cpu": [
        "arm64"
      ],
      "optional": true,
      "os": [
        "darwin"
      ],
      "engines": {
        "node": ">= 10"
      }
    },
    "node_modules/@tauri-apps/cli-darwin-x64": {
      "version": "2.0.0-alpha.0",
      "resolved": "https://registry.npmmirror.com/@tauri-apps/cli-darwin-x64/-/cli-darwin-x64-2.0.0-alpha.0.tgz",
      "integrity": "sha512-8or1uf2ElJD71cEA0CQ3cKYxwnR0ukSH+qv+ddDhd1WhMpZhc2pXbO/o2xy7xtdUdBZhTychOFx3J+Sj8azyUA==",
      "cpu": [
        "x64"
      ],
      "optional": true,
      "os": [
        "darwin"
      ],
      "engines": {
        "node": ">= 10"
      }
    },
    "node_modules/@tauri-apps/cli-linux-arm-gnueabihf": {
      "version": "2.0.0-alpha.0",
      "resolved": "https://registry.npmmirror.com/@tauri-apps/cli-linux-arm-gnueabihf/-/cli-linux-arm-gnueabihf-2.0.0-alpha.0.tgz",
      "integrity": "sha512-fwtob1CV0cB6qCebi39PoCZJAyXfBfJsS0Eqg/BiiQR1LxFyWi6fmR3XZE7Oun6cQrkLq9ADwf7iOPk74wIPLg==",
      "cpu": [
        "arm"
      ],
      "optional": true,
      "os": [
        "linux"
      ],
      "engines": {
        "node": ">= 10"
      }
    },
    "node_modules/@tauri-apps/cli-linux-arm64-gnu": {
      "version": "2.0.0-alpha.0",
      "resolved": "https://registry.npmmirror.com/@tauri-apps/cli-linux-arm64-gnu/-/cli-linux-arm64-gnu-2.0.0-alpha.0.tgz",
      "integrity": "sha512-Vlfbzn7lXJqqHvjNkGlUU6aOA5uOIdjwnBeWpGQBBajnQqMlVO6LoG1MNnVyKRTkrs6tS8Zjl05vp3XPPzuCow==",
      "cpu": [
        "arm64"
      ],
      "optional": true,
      "os": [
        "linux"
      ],
      "engines": {
        "node": ">= 10"
      }
    },
    "node_modules/@tauri-apps/cli-linux-arm64-musl": {
      "version": "2.0.0-alpha.0",
      "resolved": "https://registry.npmmirror.com/@tauri-apps/cli-linux-arm64-musl/-/cli-linux-arm64-musl-2.0.0-alpha.0.tgz",
      "integrity": "sha512-xKokCFO6Ix22lzfL91PtI+f1tb2Anraobne/W49501WlL38c6on6+zWTqqUEY2l3jv5kCdcNAcGJ34ymFoqeGw==",
      "cpu": [
        "arm64"
      ],
      "optional": true,
      "os": [
        "linux"
      ],
      "engines": {
        "node": ">= 10"
      }
    },
    "node_modules/@tauri-apps/cli-linux-x64-gnu": {
      "version": "2.0.0-alpha.0",
      "resolved": "https://registry.npmmirror.com/@tauri-apps/cli-linux-x64-gnu/-/cli-linux-x64-gnu-2.0.0-alpha.0.tgz",
      "integrity": "sha512-65Jt7UHno13q2JNpIcEU9HkyKpdonj4H8c2qE+eHBG3Lj6gO6jl3v0C3NMByVKl1CDgLXdIVBH5RUp8CQw4OoA==",
      "cpu": [
        "x64"
      ],
      "optional": true,
      "os": [
        "linux"
      ],
      "engines": {
        "node": ">= 10"
      }
    },
    "node_modules/@tauri-apps/cli-linux-x64-musl": {
      "version": "2.0.0-alpha.0",
      "resolved": "https://registry.npmmirror.com/@tauri-apps/cli-linux-x64-musl/-/cli-linux-x64-musl-2.0.0-alpha.0.tgz",
      "integrity": "sha512-xHTO5OstlSq8i5a6RDI6OMk7Ni5NWhy5yWzO4iqYVGP3HqsEV0KPQc/2ePPfBSgOwi9fYSk4GI2IYB6e1NdX3w==",
      "cpu": [
        "x64"
      ],
      "optional": true,
      "os": [
        "linux"
      ],
      "engines": {
        "node": ">= 10"
      }
    },
    "node_modules/@tauri-apps/cli-win32-ia32-msvc": {
      "version": "2.0.0-alpha.0",
      "resolved": "https://registry.npmmirror.com/@tauri-apps/cli-win32-ia32-msvc/-/cli-win32-ia32-msvc-2.0.0-alpha.0.tgz",
      "integrity": "sha512-p/nINbnPIbivUQ6XSE20qrxPq5j65DBZ+7XedQGfksZxPCXXyf0kGbKt8U4JGXJUM469dOKo/dkdr5phH2gXYQ==",
      "cpu": [
        "ia32"
      ],
      "optional": true,
      "os": [
        "win32"
      ],
      "engines": {
        "node": ">= 10"
      }
    },
    "node_modules/@tauri-apps/cli-win32-x64-msvc": {
      "version": "2.0.0-alpha.0",
      "resolved": "https://registry.npmmirror.com/@tauri-apps/cli-win32-x64-msvc/-/cli-win32-x64-msvc-2.0.0-alpha.0.tgz",
      "integrity": "sha512-Gado+JDKBHUJ0i6i9yCsKVk2CHsCMBKE3SLUhNFwTGWXcDVz8o1sw2stRWOrkvZtYR4yFqJXUualLqdxF7nwqg==",
      "cpu": [
        "x64"
      ],
      "optional": true,
      "os": [
        "win32"
      ],
      "engines": {
        "node": ">= 10"
      }
    },
    "node_modules/cross-spawn": {
      "version": "7.0.3",
      "resolved": "https://registry.npmmirror.com/cross-spawn/-/cross-spawn-7.0.3.tgz",
      "integrity": "sha512-iRDPJKUPVEND7dHPO8rkbOnPpyDygcDFtWjpeWNCgy8WP2rXcxXL8TskReQl6OrB2G7+UJrags1q15Fudc7G6w==",
      "dev": true,
      "dependencies": {
        "path-key": "^3.1.0",
        "shebang-command": "^2.0.0",
        "which": "^2.0.1"
      },
      "engines": {
        "node": ">= 8"
      }
    },
    "node_modules/default-gateway": {
      "version": "6.0.3",
      "resolved": "https://registry.npmmirror.com/default-gateway/-/default-gateway-6.0.3.tgz",
      "integrity": "sha512-fwSOJsbbNzZ/CUFpqFBqYfYNLj1NbMPm8MMCIzHjC83iSJRBEGmDUxU+WP661BaBQImeC2yHwXtz+P/O9o+XEg==",
      "dev": true,
      "dependencies": {
        "execa": "^5.0.0"
      },
      "engines": {
        "node": ">= 10"
      }
    },
    "node_modules/esbuild": {
      "version": "0.16.4",
      "resolved": "https://registry.npmmirror.com/esbuild/-/esbuild-0.16.4.tgz",
      "integrity": "sha512-qQrPMQpPTWf8jHugLWHoGqZjApyx3OEm76dlTXobHwh/EBbavbRdjXdYi/GWr43GyN0sfpap14GPkb05NH3ROA==",
      "dev": true,
      "hasInstallScript": true,
      "license": "MIT",
      "bin": {
        "esbuild": "bin/esbuild"
      },
      "engines": {
        "node": ">=12"
      },
      "optionalDependencies": {
        "@esbuild/android-arm": "0.16.4",
        "@esbuild/android-arm64": "0.16.4",
        "@esbuild/android-x64": "0.16.4",
        "@esbuild/darwin-arm64": "0.16.4",
        "@esbuild/darwin-x64": "0.16.4",
        "@esbuild/freebsd-arm64": "0.16.4",
        "@esbuild/freebsd-x64": "0.16.4",
        "@esbuild/linux-arm": "0.16.4",
        "@esbuild/linux-arm64": "0.16.4",
        "@esbuild/linux-ia32": "0.16.4",
        "@esbuild/linux-loong64": "0.16.4",
        "@esbuild/linux-mips64el": "0.16.4",
        "@esbuild/linux-ppc64": "0.16.4",
        "@esbuild/linux-riscv64": "0.16.4",
        "@esbuild/linux-s390x": "0.16.4",
        "@esbuild/linux-x64": "0.16.4",
        "@esbuild/netbsd-x64": "0.16.4",
        "@esbuild/openbsd-x64": "0.16.4",
        "@esbuild/sunos-x64": "0.16.4",
        "@esbuild/win32-arm64": "0.16.4",
        "@esbuild/win32-ia32": "0.16.4",
        "@esbuild/win32-x64": "0.16.4"
      }
    },
    "node_modules/execa": {
      "version": "5.1.1",
      "resolved": "https://registry.npmmirror.com/execa/-/execa-5.1.1.tgz",
      "integrity": "sha512-8uSpZZocAZRBAPIEINJj3Lo9HyGitllczc27Eh5YYojjMFMn8yHMDMaUHE2Jqfq05D/wucwI4JGURyXt1vchyg==",
      "dev": true,
      "dependencies": {
        "cross-spawn": "^7.0.3",
        "get-stream": "^6.0.0",
        "human-signals": "^2.1.0",
        "is-stream": "^2.0.0",
        "merge-stream": "^2.0.0",
        "npm-run-path": "^4.0.1",
        "onetime": "^5.1.2",
        "signal-exit": "^3.0.3",
        "strip-final-newline": "^2.0.0"
      },
      "engines": {
        "node": ">=10"
      }
    },
    "node_modules/function-bind": {
      "version": "1.1.1",
      "resolved": "https://registry.npmmirror.com/function-bind/-/function-bind-1.1.1.tgz",
      "integrity": "sha512-yIovAzMX49sF8Yl58fSCWJ5svSLuaibPxXQJFLmBObTuCr0Mf1KiPopGM9NiFjiYBCbfaa2Fh6breQ6ANVTI0A==",
      "dev": true,
      "license": "MIT"
    },
    "node_modules/get-stream": {
      "version": "6.0.1",
      "resolved": "https://registry.npmmirror.com/get-stream/-/get-stream-6.0.1.tgz",
      "integrity": "sha512-ts6Wi+2j3jQjqi70w5AlN8DFnkSwC+MqmxEzdEALB2qXZYV3X/b1CTfgPLGJNMeAWxdPfU8FO1ms3NUfaHCPYg==",
      "dev": true,
      "engines": {
        "node": ">=10"
      }
    },
    "node_modules/has": {
      "version": "1.0.3",
      "resolved": "https://registry.npmmirror.com/has/-/has-1.0.3.tgz",
      "integrity": "sha512-f2dvO0VU6Oej7RkWJGrehjbzMAjFp5/VKPp5tTpWIV4JHHZK1/BxbFRtf/siA2SWTe09caDmVtYYzWEIbBS4zw==",
      "dev": true,
      "license": "MIT",
      "dependencies": {
        "function-bind": "^1.1.1"
      },
      "engines": {
        "node": ">= 0.4.0"
      }
    },
    "node_modules/human-signals": {
      "version": "2.1.0",
      "resolved": "https://registry.npmmirror.com/human-signals/-/human-signals-2.1.0.tgz",
      "integrity": "sha512-B4FFZ6q/T2jhhksgkbEW3HBvWIfDW85snkQgawt07S7J5QXTk6BkNV+0yAeZrM5QpMAdYlocGoljn0sJ/WQkFw==",
      "dev": true,
      "engines": {
        "node": ">=10.17.0"
      }
    },
    "node_modules/internal-ip": {
      "version": "7.0.0",
      "resolved": "https://registry.npmmirror.com/internal-ip/-/internal-ip-7.0.0.tgz",
      "integrity": "sha512-qE4TeD4brqC45Vq/+VASeMiS1KRyfBkR6HT2sh9pZVVCzSjPkaCEfKFU+dL0PRv7NHJtvoKN2r82G6wTfzorkw==",
      "dev": true,
      "dependencies": {
        "default-gateway": "^6.0.3",
        "ipaddr.js": "^2.0.1",
        "is-ip": "^3.1.0",
        "p-event": "^4.2.0"
      },
      "engines": {
        "node": "^12.20.0 || ^14.13.1 || >=16.0.0"
      }
    },
    "node_modules/ip-regex": {
      "version": "4.3.0",
      "resolved": "https://registry.npmmirror.com/ip-regex/-/ip-regex-4.3.0.tgz",
      "integrity": "sha512-B9ZWJxHHOHUhUjCPrMpLD4xEq35bUTClHM1S6CBU5ixQnkZmwipwgc96vAd7AAGM9TGHvJR+Uss+/Ak6UphK+Q==",
      "dev": true,
      "engines": {
        "node": ">=8"
      }
    },
    "node_modules/ipaddr.js": {
      "version": "2.0.1",
      "resolved": "https://registry.npmmirror.com/ipaddr.js/-/ipaddr.js-2.0.1.tgz",
      "integrity": "sha512-1qTgH9NG+IIJ4yfKs2e6Pp1bZg8wbDbKHT21HrLIeYBTRLgMYKnMTPAuI3Lcs61nfx5h1xlXnbJtH1kX5/d/ng==",
      "dev": true,
      "engines": {
        "node": ">= 10"
      }
    },
    "node_modules/is-core-module": {
      "version": "2.11.0",
      "resolved": "https://registry.npmmirror.com/is-core-module/-/is-core-module-2.11.0.tgz",
      "integrity": "sha512-RRjxlvLDkD1YJwDbroBHMb+cukurkDWNyHx7D3oNB5x9rb5ogcksMC5wHCadcXoo67gVr/+3GFySh3134zi6rw==",
      "dev": true,
      "license": "MIT",
      "dependencies": {
        "has": "^1.0.3"
      },
      "funding": {
        "url": "https://github.com/sponsors/ljharb"
      }
    },
    "node_modules/is-ip": {
      "version": "3.1.0",
      "resolved": "https://registry.npmmirror.com/is-ip/-/is-ip-3.1.0.tgz",
      "integrity": "sha512-35vd5necO7IitFPjd/YBeqwWnyDWbuLH9ZXQdMfDA8TEo7pv5X8yfrvVO3xbJbLUlERCMvf6X0hTUamQxCYJ9Q==",
      "dev": true,
      "dependencies": {
        "ip-regex": "^4.0.0"
      },
      "engines": {
        "node": ">=8"
      }
    },
    "node_modules/is-stream": {
      "version": "2.0.1",
      "resolved": "https://registry.npmmirror.com/is-stream/-/is-stream-2.0.1.tgz",
      "integrity": "sha512-hFoiJiTl63nn+kstHGBtewWSKnQLpyb155KHheA1l39uvtO9nWIop1p3udqPcUd/xbF1VLMO4n7OI6p7RbngDg==",
      "dev": true,
      "engines": {
        "node": ">=8"
      }
    },
    "node_modules/isexe": {
      "version": "2.0.0",
      "resolved": "https://registry.npmmirror.com/isexe/-/isexe-2.0.0.tgz",
      "integrity": "sha512-RHxMLp9lnKHGHRng9QFhRCMbYAcVpn69smSGcq3f36xjgVVWThj4qqLbTLlq7Ssj8B+fIQ1EuCEGI2lKsyQeIw==",
      "dev": true
    },
    "node_modules/merge-stream": {
      "version": "2.0.0",
      "resolved": "https://registry.npmmirror.com/merge-stream/-/merge-stream-2.0.0.tgz",
      "integrity": "sha512-abv/qOcuPfk3URPfDzmZU1LKmuw8kT+0nIHvKrKgFrwifol/doWcdA4ZqsWQ8ENrFKkd67Mfpo/LovbIUsbt3w==",
      "dev": true
    },
    "node_modules/mimic-fn": {
      "version": "2.1.0",
      "resolved": "https://registry.npmmirror.com/mimic-fn/-/mimic-fn-2.1.0.tgz",
      "integrity": "sha512-OqbOk5oEQeAZ8WXWydlu9HJjz9WVdEIvamMCcXmuqUYjTknH/sqsWvhQ3vgwKFRR1HpjvNBKQ37nbJgYzGqGcg==",
      "dev": true,
      "engines": {
        "node": ">=6"
      }
    },
    "node_modules/nanoid": {
      "version": "3.3.4",
      "resolved": "https://registry.npmmirror.com/nanoid/-/nanoid-3.3.4.tgz",
      "integrity": "sha512-MqBkQh/OHTS2egovRtLk45wEyNXwF+cokD+1YPf9u5VfJiRdAiRwB2froX5Co9Rh20xs4siNPm8naNotSD6RBw==",
      "dev": true,
      "license": "MIT",
      "bin": {
        "nanoid": "bin/nanoid.cjs"
      },
      "engines": {
        "node": "^10 || ^12 || ^13.7 || ^14 || >=15.0.1"
      }
    },
    "node_modules/npm-run-path": {
      "version": "4.0.1",
      "resolved": "https://registry.npmmirror.com/npm-run-path/-/npm-run-path-4.0.1.tgz",
      "integrity": "sha512-S48WzZW777zhNIrn7gxOlISNAqi9ZC/uQFnRdbeIHhZhCA6UqpkOT8T1G7BvfdgP4Er8gF4sUbaS0i7QvIfCWw==",
      "dev": true,
      "dependencies": {
        "path-key": "^3.0.0"
      },
      "engines": {
        "node": ">=8"
      }
    },
    "node_modules/onetime": {
      "version": "5.1.2",
      "resolved": "https://registry.npmmirror.com/onetime/-/onetime-5.1.2.tgz",
      "integrity": "sha512-kbpaSSGJTWdAY5KPVeMOKXSrPtr8C8C7wodJbcsd51jRnmD+GZu8Y0VoU6Dm5Z4vWr0Ig/1NKuWRKf7j5aaYSg==",
      "dev": true,
      "dependencies": {
        "mimic-fn": "^2.1.0"
      },
      "engines": {
        "node": ">=6"
      }
    },
    "node_modules/p-event": {
      "version": "4.2.0",
      "resolved": "https://registry.npmmirror.com/p-event/-/p-event-4.2.0.tgz",
      "integrity": "sha512-KXatOjCRXXkSePPb1Nbi0p0m+gQAwdlbhi4wQKJPI1HsMQS9g+Sqp2o+QHziPr7eYJyOZet836KoHEVM1mwOrQ==",
      "dev": true,
      "dependencies": {
        "p-timeout": "^3.1.0"
      },
      "engines": {
        "node": ">=8"
      }
    },
    "node_modules/p-finally": {
      "version": "1.0.0",
      "resolved": "https://registry.npmmirror.com/p-finally/-/p-finally-1.0.0.tgz",
      "integrity": "sha512-LICb2p9CB7FS+0eR1oqWnHhp0FljGLZCWBE9aix0Uye9W8LTQPwMTYVGWQWIw9RdQiDg4+epXQODwIYJtSJaow==",
      "dev": true,
      "engines": {
        "node": ">=4"
      }
    },
    "node_modules/p-timeout": {
      "version": "3.2.0",
      "resolved": "https://registry.npmmirror.com/p-timeout/-/p-timeout-3.2.0.tgz",
      "integrity": "sha512-rhIwUycgwwKcP9yTOOFK/AKsAopjjCakVqLHePO3CC6Mir1Z99xT+R63jZxAT5lFZLa2inS5h+ZS2GvR99/FBg==",
      "dev": true,
      "dependencies": {
        "p-finally": "^1.0.0"
      },
      "engines": {
        "node": ">=8"
      }
    },
    "node_modules/path-key": {
      "version": "3.1.1",
      "resolved": "https://registry.npmmirror.com/path-key/-/path-key-3.1.1.tgz",
      "integrity": "sha512-ojmeN0qd+y0jszEtoY48r0Peq5dwMEkIlCOu6Q5f41lfkswXuKtYrhgoTpLnyIcHm24Uhqx+5Tqm2InSwLhE6Q==",
      "dev": true,
      "engines": {
        "node": ">=8"
      }
    },
    "node_modules/path-parse": {
      "version": "1.0.7",
      "resolved": "https://registry.npmmirror.com/path-parse/-/path-parse-1.0.7.tgz",
      "integrity": "sha512-LDJzPVEEEPR+y48z93A0Ed0yXb8pAByGWo/k5YYdYgpY2/2EsOsksJrq7lOHxryrVOn1ejG6oAp8ahvOIQD8sw==",
      "dev": true,
      "license": "MIT"
    },
    "node_modules/picocolors": {
      "version": "1.0.0",
      "resolved": "https://registry.npmmirror.com/picocolors/-/picocolors-1.0.0.tgz",
      "integrity": "sha512-1fygroTLlHu66zi26VoTDv8yRgm0Fccecssto+MhsZ0D/DGW2sm8E8AjW7NU5VVTRt5GxbeZ5qBuJr+HyLYkjQ==",
      "dev": true,
      "license": "ISC"
    },
    "node_modules/postcss": {
      "version": "8.4.19",
      "resolved": "https://registry.npmmirror.com/postcss/-/postcss-8.4.19.tgz",
      "integrity": "sha512-h+pbPsyhlYj6N2ozBmHhHrs9DzGmbaarbLvWipMRO7RLS+v4onj26MPFXA5OBYFxyqYhUJK456SwDcY9H2/zsA==",
      "dev": true,
      "funding": [
        {
          "type": "opencollective",
          "url": "https://opencollective.com/postcss/"
        },
        {
          "type": "tidelift",
          "url": "https://tidelift.com/funding/github/npm/postcss"
        }
      ],
      "license": "MIT",
      "dependencies": {
        "nanoid": "^3.3.4",
        "picocolors": "^1.0.0",
        "source-map-js": "^1.0.2"
      },
      "engines": {
        "node": "^10 || ^12 || >=14"
      }
    },
    "node_modules/resolve": {
      "version": "1.22.1",
      "resolved": "https://registry.npmmirror.com/resolve/-/resolve-1.22.1.tgz",
      "integrity": "sha512-nBpuuYuY5jFsli/JIs1oldw6fOQCBioohqWZg/2hiaOybXOft4lonv85uDOKXdf8rhyK159cxU5cDcK/NKk8zw==",
      "dev": true,
      "license": "MIT",
      "dependencies": {
        "is-core-module": "^2.9.0",
        "path-parse": "^1.0.7",
        "supports-preserve-symlinks-flag": "^1.0.0"
      },
      "bin": {
        "resolve": "bin/resolve"
      },
      "funding": {
        "url": "https://github.com/sponsors/ljharb"
      }
    },
    "node_modules/rollup": {
      "version": "3.7.2",
      "resolved": "https://registry.npmmirror.com/rollup/-/rollup-3.7.2.tgz",
      "integrity": "sha512-orqIX5zkHyHKVsIBl8J5a2tnVikOAMte0DgOLViyW6McYuj45FG+cQPrXILhaifBSmy0D0hKbHg2RbgzFJcwTg==",
      "dev": true,
      "license": "MIT",
      "bin": {
        "rollup": "dist/bin/rollup"
      },
      "engines": {
        "node": ">=14.18.0",
        "npm": ">=8.0.0"
      },
      "optionalDependencies": {
        "fsevents": "~2.3.2"
      }
    },
    "node_modules/shebang-command": {
      "version": "2.0.0",
      "resolved": "https://registry.npmmirror.com/shebang-command/-/shebang-command-2.0.0.tgz",
      "integrity": "sha512-kHxr2zZpYtdmrN1qDjrrX/Z1rR1kG8Dx+gkpK1G4eXmvXswmcE1hTWBWYUzlraYw1/yZp6YuDY77YtvbN0dmDA==",
      "dev": true,
      "dependencies": {
        "shebang-regex": "^3.0.0"
      },
      "engines": {
        "node": ">=8"
      }
    },
    "node_modules/shebang-regex": {
      "version": "3.0.0",
      "resolved": "https://registry.npmmirror.com/shebang-regex/-/shebang-regex-3.0.0.tgz",
      "integrity": "sha512-7++dFhtcx3353uBaq8DDR4NuxBetBzC7ZQOhmTQInHEd6bSrXdiEyzCvG07Z44UYdLShWUyXt5M/yhz8ekcb1A==",
      "dev": true,
      "engines": {
        "node": ">=8"
      }
    },
    "node_modules/signal-exit": {
      "version": "3.0.7",
      "resolved": "https://registry.npmmirror.com/signal-exit/-/signal-exit-3.0.7.tgz",
      "integrity": "sha512-wnD2ZE+l+SPC/uoS0vXeE9L1+0wuaMqKlfz9AMUo38JsyLSBWSFcHR1Rri62LZc12vLr1gb3jl7iwQhgwpAbGQ==",
      "dev": true
    },
    "node_modules/source-map-js": {
      "version": "1.0.2",
      "resolved": "https://registry.npmmirror.com/source-map-js/-/source-map-js-1.0.2.tgz",
      "integrity": "sha512-R0XvVJ9WusLiqTCEiGCmICCMplcCkIwwR11mOSD9CR5u+IXYdiseeEuXCVAjS54zqwkLcPNnmU4OeJ6tUrWhDw==",
      "dev": true,
      "license": "BSD-3-Clause",
      "engines": {
        "node": ">=0.10.0"
      }
    },
    "node_modules/strip-final-newline": {
      "version": "2.0.0",
      "resolved": "https://registry.npmmirror.com/strip-final-newline/-/strip-final-newline-2.0.0.tgz",
      "integrity": "sha512-BrpvfNAE3dcvq7ll3xVumzjKjZQ5tI1sEUIKr3Uoks0XUl45St3FlatVqef9prk4jRDzhW6WZg+3bk93y6pLjA==",
      "dev": true,
      "engines": {
        "node": ">=6"
      }
    },
    "node_modules/supports-preserve-symlinks-flag": {
      "version": "1.0.0",
      "resolved": "https://registry.npmmirror.com/supports-preserve-symlinks-flag/-/supports-preserve-symlinks-flag-1.0.0.tgz",
      "integrity": "sha512-ot0WnXS9fgdkgIcePe6RHNk1WA8+muPa6cSjeR3V8K27q9BB1rTE3R1p7Hv0z1ZyAc8s6Vvv8DIyWf681MAt0w==",
      "dev": true,
      "license": "MIT",
      "engines": {
        "node": ">= 0.4"
      },
      "funding": {
        "url": "https://github.com/sponsors/ljharb"
      }
    },
    "node_modules/vite": {
      "version": "4.0.0",
      "resolved": "https://registry.npmmirror.com/vite/-/vite-4.0.0.tgz",
      "integrity": "sha512-ynad+4kYs8Jcnn8J7SacS9vAbk7eMy0xWg6E7bAhS1s79TK+D7tVFGXVZ55S7RNLRROU1rxoKlvZ/qjaB41DGA==",
      "dev": true,
      "license": "MIT",
      "dependencies": {
        "esbuild": "^0.16.3",
        "postcss": "^8.4.19",
        "resolve": "^1.22.1",
        "rollup": "^3.7.0"
      },
      "bin": {
        "vite": "bin/vite.js"
      },
      "engines": {
        "node": "^14.18.0 || >=16.0.0"
      },
      "optionalDependencies": {
        "fsevents": "~2.3.2"
      },
      "peerDependencies": {
        "@types/node": ">= 14",
        "less": "*",
        "sass": "*",
        "stylus": "*",
        "sugarss": "*",
        "terser": "^5.4.0"
      },
      "peerDependenciesMeta": {
        "@types/node": {
          "optional": true
        },
        "less": {
          "optional": true
        },
        "sass": {
          "optional": true
        },
        "stylus": {
          "optional": true
        },
        "sugarss": {
          "optional": true
        },
        "terser": {
          "optional": true
        }
      }
    },
    "node_modules/which": {
      "version": "2.0.2",
      "resolved": "https://registry.npmmirror.com/which/-/which-2.0.2.tgz",
      "integrity": "sha512-BLI3Tl1TW3Pvl70l3yq3Y64i+awpwXqsGBYWkkqMtnbXgrMD+yj7rhW0kuEDxzJaYXGjEW5ogapKNMEKNMjibA==",
      "dev": true,
      "dependencies": {
        "isexe": "^2.0.0"
      },
      "bin": {
        "node-which": "bin/node-which"
      },
      "engines": {
        "node": ">= 8"
      }
    }
  },
  "dependencies": {
    "@esbuild/win32-x64": {
      "version": "0.16.4",
      "resolved": "https://registry.npmmirror.com/@esbuild/win32-x64/-/win32-x64-0.16.4.tgz",
      "integrity": "sha512-sN/I8FMPtmtT2Yw+Dly8Ur5vQ5a/RmC8hW7jO9PtPSQUPkowxWpcUZnqOggU7VwyT3Xkj6vcXWd3V/qTXwultQ==",
      "dev": true,
      "optional": true
    },
    "@tauri-apps/api": {
      "version": "2.0.0-alpha.0",
      "resolved": "https://registry.npmmirror.com/@tauri-apps/api/-/api-2.0.0-alpha.0.tgz",
      "integrity": "sha512-PQdy1Ao6JwKwW2/C11nP+IqnrWHB7+UgbM71zbzA1W3+1yyd9Zg+K7rzZ7f3yhvD7kdxmXUN3KgSfGeiDFzZ2A=="
    },
    "@tauri-apps/cli": {
      "version": "2.0.0-alpha.0",
      "resolved": "https://registry.npmmirror.com/@tauri-apps/cli/-/cli-2.0.0-alpha.0.tgz",
      "integrity": "sha512-E+72C+rNRKaJVSMVEmrN/cn8ggXo6P0zh0Ce/rpF7KgPJm1X65PlMgibukheuHxJ2kIpFORpDte/YBiEmiCiqA==",
      "requires": {
        "@tauri-apps/cli-darwin-arm64": "2.0.0-alpha.0",
        "@tauri-apps/cli-darwin-x64": "2.0.0-alpha.0",
        "@tauri-apps/cli-linux-arm-gnueabihf": "2.0.0-alpha.0",
        "@tauri-apps/cli-linux-arm64-gnu": "2.0.0-alpha.0",
        "@tauri-apps/cli-linux-arm64-musl": "2.0.0-alpha.0",
        "@tauri-apps/cli-linux-x64-gnu": "2.0.0-alpha.0",
        "@tauri-apps/cli-linux-x64-musl": "2.0.0-alpha.0",
        "@tauri-apps/cli-win32-ia32-msvc": "2.0.0-alpha.0",
        "@tauri-apps/cli-win32-x64-msvc": "2.0.0-alpha.0"
      }
    },
    "@tauri-apps/cli-darwin-arm64": {
      "version": "2.0.0-alpha.0",
      "resolved": "https://registry.npmmirror.com/@tauri-apps/cli-darwin-arm64/-/cli-darwin-arm64-2.0.0-alpha.0.tgz",
      "integrity": "sha512-CZrS5h2Q1tVkB0t5RxBi57ZEybs2ZLcF1te94J9SBW3VhVoShgoCfgqMYoon0YOiYx5YJw5SUFTn4B/ixMlLqA==",
      "optional": true
    },
    "@tauri-apps/cli-darwin-x64": {
      "version": "2.0.0-alpha.0",
      "resolved": "https://registry.npmmirror.com/@tauri-apps/cli-darwin-x64/-/cli-darwin-x64-2.0.0-alpha.0.tgz",
      "integrity": "sha512-8or1uf2ElJD71cEA0CQ3cKYxwnR0ukSH+qv+ddDhd1WhMpZhc2pXbO/o2xy7xtdUdBZhTychOFx3J+Sj8azyUA==",
      "optional": true
    },
    "@tauri-apps/cli-linux-arm-gnueabihf": {
      "version": "2.0.0-alpha.0",
      "resolved": "https://registry.npmmirror.com/@tauri-apps/cli-linux-arm-gnueabihf/-/cli-linux-arm-gnueabihf-2.0.0-alpha.0.tgz",
      "integrity": "sha512-fwtob1CV0cB6qCebi39PoCZJAyXfBfJsS0Eqg/BiiQR1LxFyWi6fmR3XZE7Oun6cQrkLq9ADwf7iOPk74wIPLg==",
      "optional": true
    },
    "@tauri-apps/cli-linux-arm64-gnu": {
      "version": "2.0.0-alpha.0",
      "resolved": "https://registry.npmmirror.com/@tauri-apps/cli-linux-arm64-gnu/-/cli-linux-arm64-gnu-2.0.0-alpha.0.tgz",
      "integrity": "sha512-Vlfbzn7lXJqqHvjNkGlUU6aOA5uOIdjwnBeWpGQBBajnQqMlVO6LoG1MNnVyKRTkrs6tS8Zjl05vp3XPPzuCow==",
      "optional": true
    },
    "@tauri-apps/cli-linux-arm64-musl": {
      "version": "2.0.0-alpha.0",
      "resolved": "https://registry.npmmirror.com/@tauri-apps/cli-linux-arm64-musl/-/cli-linux-arm64-musl-2.0.0-alpha.0.tgz",
      "integrity": "sha512-xKokCFO6Ix22lzfL91PtI+f1tb2Anraobne/W49501WlL38c6on6+zWTqqUEY2l3jv5kCdcNAcGJ34ymFoqeGw==",
      "optional": true
    },
    "@tauri-apps/cli-linux-x64-gnu": {
      "version": "2.0.0-alpha.0",
      "resolved": "https://registry.npmmirror.com/@tauri-apps/cli-linux-x64-gnu/-/cli-linux-x64-gnu-2.0.0-alpha.0.tgz",
      "integrity": "sha512-65Jt7UHno13q2JNpIcEU9HkyKpdonj4H8c2qE+eHBG3Lj6gO6jl3v0C3NMByVKl1CDgLXdIVBH5RUp8CQw4OoA==",
      "optional": true
    },
    "@tauri-apps/cli-linux-x64-musl": {
      "version": "2.0.0-alpha.0",
      "resolved": "https://registry.npmmirror.com/@tauri-apps/cli-linux-x64-musl/-/cli-linux-x64-musl-2.0.0-alpha.0.tgz",
      "integrity": "sha512-xHTO5OstlSq8i5a6RDI6OMk7Ni5NWhy5yWzO4iqYVGP3HqsEV0KPQc/2ePPfBSgOwi9fYSk4GI2IYB6e1NdX3w==",
      "optional": true
    },
    "@tauri-apps/cli-win32-ia32-msvc": {
      "version": "2.0.0-alpha.0",
      "resolved": "https://registry.npmmirror.com/@tauri-apps/cli-win32-ia32-msvc/-/cli-win32-ia32-msvc-2.0.0-alpha.0.tgz",
      "integrity": "sha512-p/nINbnPIbivUQ6XSE20qrxPq5j65DBZ+7XedQGfksZxPCXXyf0kGbKt8U4JGXJUM469dOKo/dkdr5phH2gXYQ==",
      "optional": true
    },
    "@tauri-apps/cli-win32-x64-msvc": {
      "version": "2.0.0-alpha.0",
      "resolved": "https://registry.npmmirror.com/@tauri-apps/cli-win32-x64-msvc/-/cli-win32-x64-msvc-2.0.0-alpha.0.tgz",
      "integrity": "sha512-Gado+JDKBHUJ0i6i9yCsKVk2CHsCMBKE3SLUhNFwTGWXcDVz8o1sw2stRWOrkvZtYR4yFqJXUualLqdxF7nwqg==",
      "optional": true
    },
    "cross-spawn": {
      "version": "7.0.3",
      "resolved": "https://registry.npmmirror.com/cross-spawn/-/cross-spawn-7.0.3.tgz",
      "integrity": "sha512-iRDPJKUPVEND7dHPO8rkbOnPpyDygcDFtWjpeWNCgy8WP2rXcxXL8TskReQl6OrB2G7+UJrags1q15Fudc7G6w==",
      "dev": true,
      "requires": {
        "path-key": "^3.1.0",
        "shebang-command": "^2.0.0",
        "which": "^2.0.1"
      }
    },
    "default-gateway": {
      "version": "6.0.3",
      "resolved": "https://registry.npmmirror.com/default-gateway/-/default-gateway-6.0.3.tgz",
      "integrity": "sha512-fwSOJsbbNzZ/CUFpqFBqYfYNLj1NbMPm8MMCIzHjC83iSJRBEGmDUxU+WP661BaBQImeC2yHwXtz+P/O9o+XEg==",
      "dev": true,
      "requires": {
        "execa": "^5.0.0"
      }
    },
    "esbuild": {
      "version": "0.16.4",
      "resolved": "https://registry.npmmirror.com/esbuild/-/esbuild-0.16.4.tgz",
      "integrity": "sha512-qQrPMQpPTWf8jHugLWHoGqZjApyx3OEm76dlTXobHwh/EBbavbRdjXdYi/GWr43GyN0sfpap14GPkb05NH3ROA==",
      "dev": true,
      "requires": {
        "@esbuild/android-arm": "0.16.4",
        "@esbuild/android-arm64": "0.16.4",
        "@esbuild/android-x64": "0.16.4",
        "@esbuild/darwin-arm64": "0.16.4",
        "@esbuild/darwin-x64": "0.16.4",
        "@esbuild/freebsd-arm64": "0.16.4",
        "@esbuild/freebsd-x64": "0.16.4",
        "@esbuild/linux-arm": "0.16.4",
        "@esbuild/linux-arm64": "0.16.4",
        "@esbuild/linux-ia32": "0.16.4",
        "@esbuild/linux-loong64": "0.16.4",
        "@esbuild/linux-mips64el": "0.16.4",
        "@esbuild/linux-ppc64": "0.16.4",
        "@esbuild/linux-riscv64": "0.16.4",
        "@esbuild/linux-s390x": "0.16.4",
        "@esbuild/linux-x64": "0.16.4",
        "@esbuild/netbsd-x64": "0.16.4",
        "@esbuild/openbsd-x64": "0.16.4",
        "@esbuild/sunos-x64": "0.16.4",
        "@esbuild/win32-arm64": "0.16.4",
        "@esbuild/win32-ia32": "0.16.4",
        "@esbuild/win32-x64": "0.16.4"
      }
    },
    "execa": {
      "version": "5.1.1",
      "resolved": "https://registry.npmmirror.com/execa/-/execa-5.1.1.tgz",
      "integrity": "sha512-8uSpZZocAZRBAPIEINJj3Lo9HyGitllczc27Eh5YYojjMFMn8yHMDMaUHE2Jqfq05D/wucwI4JGURyXt1vchyg==",
      "dev": true,
      "requires": {
        "cross-spawn": "^7.0.3",
        "get-stream": "^6.0.0",
        "human-signals": "^2.1.0",
        "is-stream": "^2.0.0",
        "merge-stream": "^2.0.0",
        "npm-run-path": "^4.0.1",
        "onetime": "^5.1.2",
        "signal-exit": "^3.0.3",
        "strip-final-newline": "^2.0.0"
      }
    },
    "function-bind": {
      "version": "1.1.1",
      "resolved": "https://registry.npmmirror.com/function-bind/-/function-bind-1.1.1.tgz",
      "integrity": "sha512-yIovAzMX49sF8Yl58fSCWJ5svSLuaibPxXQJFLmBObTuCr0Mf1KiPopGM9NiFjiYBCbfaa2Fh6breQ6ANVTI0A==",
      "dev": true
    },
    "get-stream": {
      "version": "6.0.1",
      "resolved": "https://registry.npmmirror.com/get-stream/-/get-stream-6.0.1.tgz",
      "integrity": "sha512-ts6Wi+2j3jQjqi70w5AlN8DFnkSwC+MqmxEzdEALB2qXZYV3X/b1CTfgPLGJNMeAWxdPfU8FO1ms3NUfaHCPYg==",
      "dev": true
    },
    "has": {
      "version": "1.0.3",
      "resolved": "https://registry.npmmirror.com/has/-/has-1.0.3.tgz",
      "integrity": "sha512-f2dvO0VU6Oej7RkWJGrehjbzMAjFp5/VKPp5tTpWIV4JHHZK1/BxbFRtf/siA2SWTe09caDmVtYYzWEIbBS4zw==",
      "dev": true,
      "requires": {
        "function-bind": "^1.1.1"
      }
    },
    "human-signals": {
      "version": "2.1.0",
      "resolved": "https://registry.npmmirror.com/human-signals/-/human-signals-2.1.0.tgz",
      "integrity": "sha512-B4FFZ6q/T2jhhksgkbEW3HBvWIfDW85snkQgawt07S7J5QXTk6BkNV+0yAeZrM5QpMAdYlocGoljn0sJ/WQkFw==",
      "dev": true
    },
    "internal-ip": {
      "version": "7.0.0",
      "resolved": "https://registry.npmmirror.com/internal-ip/-/internal-ip-7.0.0.tgz",
      "integrity": "sha512-qE4TeD4brqC45Vq/+VASeMiS1KRyfBkR6HT2sh9pZVVCzSjPkaCEfKFU+dL0PRv7NHJtvoKN2r82G6wTfzorkw==",
      "dev": true,
      "requires": {
        "default-gateway": "^6.0.3",
        "ipaddr.js": "^2.0.1",
        "is-ip": "^3.1.0",
        "p-event": "^4.2.0"
      }
    },
    "ip-regex": {
      "version": "4.3.0",
      "resolved": "https://registry.npmmirror.com/ip-regex/-/ip-regex-4.3.0.tgz",
      "integrity": "sha512-B9ZWJxHHOHUhUjCPrMpLD4xEq35bUTClHM1S6CBU5ixQnkZmwipwgc96vAd7AAGM9TGHvJR+Uss+/Ak6UphK+Q==",
      "dev": true
    },
    "ipaddr.js": {
      "version": "2.0.1",
      "resolved": "https://registry.npmmirror.com/ipaddr.js/-/ipaddr.js-2.0.1.tgz",
      "integrity": "sha512-1qTgH9NG+IIJ4yfKs2e6Pp1bZg8wbDbKHT21HrLIeYBTRLgMYKnMTPAuI3Lcs61nfx5h1xlXnbJtH1kX5/d/ng==",
      "dev": true
    },
    "is-core-module": {
      "version": "2.11.0",
      "resolved": "https://registry.npmmirror.com/is-core-module/-/is-core-module-2.11.0.tgz",
      "integrity": "sha512-RRjxlvLDkD1YJwDbroBHMb+cukurkDWNyHx7D3oNB5x9rb5ogcksMC5wHCadcXoo67gVr/+3GFySh3134zi6rw==",
      "dev": true,
      "requires": {
        "has": "^1.0.3"
      }
    },
    "is-ip": {
      "version": "3.1.0",
      "resolved": "https://registry.npmmirror.com/is-ip/-/is-ip-3.1.0.tgz",
      "integrity": "sha512-35vd5necO7IitFPjd/YBeqwWnyDWbuLH9ZXQdMfDA8TEo7pv5X8yfrvVO3xbJbLUlERCMvf6X0hTUamQxCYJ9Q==",
      "dev": true,
      "requires": {
        "ip-regex": "^4.0.0"
      }
    },
    "is-stream": {
      "version": "2.0.1",
      "resolved": "https://registry.npmmirror.com/is-stream/-/is-stream-2.0.1.tgz",
      "integrity": "sha512-hFoiJiTl63nn+kstHGBtewWSKnQLpyb155KHheA1l39uvtO9nWIop1p3udqPcUd/xbF1VLMO4n7OI6p7RbngDg==",
      "dev": true
    },
    "isexe": {
      "version": "2.0.0",
      "resolved": "https://registry.npmmirror.com/isexe/-/isexe-2.0.0.tgz",
      "integrity": "sha512-RHxMLp9lnKHGHRng9QFhRCMbYAcVpn69smSGcq3f36xjgVVWThj4qqLbTLlq7Ssj8B+fIQ1EuCEGI2lKsyQeIw==",
      "dev": true
    },
    "merge-stream": {
      "version": "2.0.0",
      "resolved": "https://registry.npmmirror.com/merge-stream/-/merge-stream-2.0.0.tgz",
      "integrity": "sha512-abv/qOcuPfk3URPfDzmZU1LKmuw8kT+0nIHvKrKgFrwifol/doWcdA4ZqsWQ8ENrFKkd67Mfpo/LovbIUsbt3w==",
      "dev": true
    },
    "mimic-fn": {
      "version": "2.1.0",
      "resolved": "https://registry.npmmirror.com/mimic-fn/-/mimic-fn-2.1.0.tgz",
      "integrity": "sha512-OqbOk5oEQeAZ8WXWydlu9HJjz9WVdEIvamMCcXmuqUYjTknH/sqsWvhQ3vgwKFRR1HpjvNBKQ37nbJgYzGqGcg==",
      "dev": true
    },
    "nanoid": {
      "version": "3.3.4",
      "resolved": "https://registry.npmmirror.com/nanoid/-/nanoid-3.3.4.tgz",
      "integrity": "sha512-MqBkQh/OHTS2egovRtLk45wEyNXwF+cokD+1YPf9u5VfJiRdAiRwB2froX5Co9Rh20xs4siNPm8naNotSD6RBw==",
      "dev": true
    },
    "npm-run-path": {
      "version": "4.0.1",
      "resolved": "https://registry.npmmirror.com/npm-run-path/-/npm-run-path-4.0.1.tgz",
      "integrity": "sha512-S48WzZW777zhNIrn7gxOlISNAqi9ZC/uQFnRdbeIHhZhCA6UqpkOT8T1G7BvfdgP4Er8gF4sUbaS0i7QvIfCWw==",
      "dev": true,
      "requires": {
        "path-key": "^3.0.0"
      }
    },
    "onetime": {
      "version": "5.1.2",
      "resolved": "https://registry.npmmirror.com/onetime/-/onetime-5.1.2.tgz",
      "integrity": "sha512-kbpaSSGJTWdAY5KPVeMOKXSrPtr8C8C7wodJbcsd51jRnmD+GZu8Y0VoU6Dm5Z4vWr0Ig/1NKuWRKf7j5aaYSg==",
      "dev": true,
      "requires": {
        "mimic-fn": "^2.1.0"
      }
    },
    "p-event": {
      "version": "4.2.0",
      "resolved": "https://registry.npmmirror.com/p-event/-/p-event-4.2.0.tgz",
      "integrity": "sha512-KXatOjCRXXkSePPb1Nbi0p0m+gQAwdlbhi4wQKJPI1HsMQS9g+Sqp2o+QHziPr7eYJyOZet836KoHEVM1mwOrQ==",
      "dev": true,
      "requires": {
        "p-timeout": "^3.1.0"
      }
    },
    "p-finally": {
      "version": "1.0.0",
      "resolved": "https://registry.npmmirror.com/p-finally/-/p-finally-1.0.0.tgz",
      "integrity": "sha512-LICb2p9CB7FS+0eR1oqWnHhp0FljGLZCWBE9aix0Uye9W8LTQPwMTYVGWQWIw9RdQiDg4+epXQODwIYJtSJaow==",
      "dev": true
    },
    "p-timeout": {
      "version": "3.2.0",
      "resolved": "https://registry.npmmirror.com/p-timeout/-/p-timeout-3.2.0.tgz",
      "integrity": "sha512-rhIwUycgwwKcP9yTOOFK/AKsAopjjCakVqLHePO3CC6Mir1Z99xT+R63jZxAT5lFZLa2inS5h+ZS2GvR99/FBg==",
      "dev": true,
      "requires": {
        "p-finally": "^1.0.0"
      }
    },
    "path-key": {
      "version": "3.1.1",
      "resolved": "https://registry.npmmirror.com/path-key/-/path-key-3.1.1.tgz",
      "integrity": "sha512-ojmeN0qd+y0jszEtoY48r0Peq5dwMEkIlCOu6Q5f41lfkswXuKtYrhgoTpLnyIcHm24Uhqx+5Tqm2InSwLhE6Q==",
      "dev": true
    },
    "path-parse": {
      "version": "1.0.7",
      "resolved": "https://registry.npmmirror.com/path-parse/-/path-parse-1.0.7.tgz",
      "integrity": "sha512-LDJzPVEEEPR+y48z93A0Ed0yXb8pAByGWo/k5YYdYgpY2/2EsOsksJrq7lOHxryrVOn1ejG6oAp8ahvOIQD8sw==",
      "dev": true
    },
    "picocolors": {
      "version": "1.0.0",
      "resolved": "https://registry.npmmirror.com/picocolors/-/picocolors-1.0.0.tgz",
      "integrity": "sha512-1fygroTLlHu66zi26VoTDv8yRgm0Fccecssto+MhsZ0D/DGW2sm8E8AjW7NU5VVTRt5GxbeZ5qBuJr+HyLYkjQ==",
      "dev": true
    },
    "postcss": {
      "version": "8.4.19",
      "resolved": "https://registry.npmmirror.com/postcss/-/postcss-8.4.19.tgz",
      "integrity": "sha512-h+pbPsyhlYj6N2ozBmHhHrs9DzGmbaarbLvWipMRO7RLS+v4onj26MPFXA5OBYFxyqYhUJK456SwDcY9H2/zsA==",
      "dev": true,
      "requires": {
        "nanoid": "^3.3.4",
        "picocolors": "^1.0.0",
        "source-map-js": "^1.0.2"
      }
    },
    "resolve": {
      "version": "1.22.1",
      "resolved": "https://registry.npmmirror.com/resolve/-/resolve-1.22.1.tgz",
      "integrity": "sha512-nBpuuYuY5jFsli/JIs1oldw6fOQCBioohqWZg/2hiaOybXOft4lonv85uDOKXdf8rhyK159cxU5cDcK/NKk8zw==",
      "dev": true,
      "requires": {
        "is-core-module": "^2.9.0",
        "path-parse": "^1.0.7",
        "supports-preserve-symlinks-flag": "^1.0.0"
      }
    },
    "rollup": {
      "version": "3.7.2",
      "resolved": "https://registry.npmmirror.com/rollup/-/rollup-3.7.2.tgz",
      "integrity": "sha512-orqIX5zkHyHKVsIBl8J5a2tnVikOAMte0DgOLViyW6McYuj45FG+cQPrXILhaifBSmy0D0hKbHg2RbgzFJcwTg==",
      "dev": true,
      "requires": {
        "fsevents": "~2.3.2"
      }
    },
    "shebang-command": {
      "version": "2.0.0",
      "resolved": "https://registry.npmmirror.com/shebang-command/-/shebang-command-2.0.0.tgz",
      "integrity": "sha512-kHxr2zZpYtdmrN1qDjrrX/Z1rR1kG8Dx+gkpK1G4eXmvXswmcE1hTWBWYUzlraYw1/yZp6YuDY77YtvbN0dmDA==",
      "dev": true,
      "requires": {
        "shebang-regex": "^3.0.0"
      }
    },
    "shebang-regex": {
      "version": "3.0.0",
      "resolved": "https://registry.npmmirror.com/shebang-regex/-/shebang-regex-3.0.0.tgz",
      "integrity": "sha512-7++dFhtcx3353uBaq8DDR4NuxBetBzC7ZQOhmTQInHEd6bSrXdiEyzCvG07Z44UYdLShWUyXt5M/yhz8ekcb1A==",
      "dev": true
    },
    "signal-exit": {
      "version": "3.0.7",
      "resolved": "https://registry.npmmirror.com/signal-exit/-/signal-exit-3.0.7.tgz",
      "integrity": "sha512-wnD2ZE+l+SPC/uoS0vXeE9L1+0wuaMqKlfz9AMUo38JsyLSBWSFcHR1Rri62LZc12vLr1gb3jl7iwQhgwpAbGQ==",
      "dev": true
    },
    "source-map-js": {
      "version": "1.0.2",
      "resolved": "https://registry.npmmirror.com/source-map-js/-/source-map-js-1.0.2.tgz",
      "integrity": "sha512-R0XvVJ9WusLiqTCEiGCmICCMplcCkIwwR11mOSD9CR5u+IXYdiseeEuXCVAjS54zqwkLcPNnmU4OeJ6tUrWhDw==",
      "dev": true
    },
    "strip-final-newline": {
      "version": "2.0.0",
      "resolved": "https://registry.npmmirror.com/strip-final-newline/-/strip-final-newline-2.0.0.tgz",
      "integrity": "sha512-BrpvfNAE3dcvq7ll3xVumzjKjZQ5tI1sEUIKr3Uoks0XUl45St3FlatVqef9prk4jRDzhW6WZg+3bk93y6pLjA==",
      "dev": true
    },
    "supports-preserve-symlinks-flag": {
      "version": "1.0.0",
      "resolved": "https://registry.npmmirror.com/supports-preserve-symlinks-flag/-/supports-preserve-symlinks-flag-1.0.0.tgz",
      "integrity": "sha512-ot0WnXS9fgdkgIcePe6RHNk1WA8+muPa6cSjeR3V8K27q9BB1rTE3R1p7Hv0z1ZyAc8s6Vvv8DIyWf681MAt0w==",
      "dev": true
    },
    "vite": {
      "version": "4.0.0",
      "resolved": "https://registry.npmmirror.com/vite/-/vite-4.0.0.tgz",
      "integrity": "sha512-ynad+4kYs8Jcnn8J7SacS9vAbk7eMy0xWg6E7bAhS1s79TK+D7tVFGXVZ55S7RNLRROU1rxoKlvZ/qjaB41DGA==",
      "dev": true,
      "requires": {
        "esbuild": "^0.16.3",
        "fsevents": "~2.3.2",
        "postcss": "^8.4.19",
        "resolve": "^1.22.1",
        "rollup": "^3.7.0"
      }
    },
    "which": {
      "version": "2.0.2",
      "resolved": "https://registry.npmmirror.com/which/-/which-2.0.2.tgz",
      "integrity": "sha512-BLI3Tl1TW3Pvl70l3yq3Y64i+awpwXqsGBYWkkqMtnbXgrMD+yj7rhW0kuEDxzJaYXGjEW5ogapKNMEKNMjibA==",
      "dev": true,
      "requires": {
        "isexe": "^2.0.0"
      }
    }
  }
}
